// !$*UTF8*$!
{
	archiveVersion = 1;
	classes = {
	};
	objectVersion = 51;
	objects = {

/* Begin PBXBuildFile section */
		521DCF49280EA8080072A042 /* AppDelegate.swift in Sources */ = {isa = PBXBuildFile; fileRef = 521DCF48280EA8080072A042 /* AppDelegate.swift */; };
		521DCF4B280EA8080072A042 /* SceneDelegate.swift in Sources */ = {isa = PBXBuildFile; fileRef = 521DCF4A280EA8080072A042 /* SceneDelegate.swift */; };
		521DCF4D280EA8080072A042 /* ViewController.swift in Sources */ = {isa = PBXBuildFile; fileRef = 521DCF4C280EA8080072A042 /* ViewController.swift */; };
		521DCF50280EA8080072A042 /* Main.storyboard in Resources */ = {isa = PBXBuildFile; fileRef = 521DCF4E280EA8080072A042 /* Main.storyboard */; };
		521DCF52280EA80B0072A042 /* Assets.xcassets in Resources */ = {isa = PBXBuildFile; fileRef = 521DCF51280EA80B0072A042 /* Assets.xcassets */; };
		521DCF55280EA80B0072A042 /* LaunchScreen.storyboard in Resources */ = {isa = PBXBuildFile; fileRef = 521DCF53280EA80B0072A042 /* LaunchScreen.storyboard */; };
		52596A972811867000FD9726 /* FormViewController.swift in Sources */ = {isa = PBXBuildFile; fileRef = 52596A962811867000FD9726 /* FormViewController.swift */; };
		70408EAA484C01F7351769FB /* Pods_mapAssignment.framework in Frameworks */ = {isa = PBXBuildFile; fileRef = 4B0D5EF21DDB264E71EFEB84 /* Pods_mapAssignment.framework */; };
/* End PBXBuildFile section */

/* Begin PBXFileReference section */
		4B0D5EF21DDB264E71EFEB84 /* Pods_mapAssignment.framework */ = {isa = PBXFileReference; explicitFileType = wrapper.framework; includeInIndex = 0; path = Pods_mapAssignment.framework; sourceTree = BUILT_PRODUCTS_DIR; };
		521DCF45280EA8080072A042 /* mapAssignment.app */ = {isa = PBXFileReference; explicitFileType = wrapper.application; includeInIndex = 0; path = mapAssignment.app; sourceTree = BUILT_PRODUCTS_DIR; };
		521DCF48280EA8080072A042 /* AppDelegate.swift */ = {isa = PBXFileReference; lastKnownFileType = sourcecode.swift; path = AppDelegate.swift; sourceTree = "<group>"; };
		521DCF4A280EA8080072A042 /* SceneDelegate.swift */ = {isa = PBXFileReference; lastKnownFileType = sourcecode.swift; path = SceneDelegate.swift; sourceTree = "<group>"; };
		521DCF4C280EA8080072A042 /* ViewController.swift */ = {isa = PBXFileReference; lastKnownFileType = sourcecode.swift; path = ViewController.swift; sourceTree = "<group>"; };
		521DCF4F280EA8080072A042 /* Base */ = {isa = PBXFileReference; lastKnownFileType = file.storyboard; name = Base; path = Base.lproj/Main.storyboard; sourceTree = "<group>"; };
		521DCF51280EA80B0072A042 /* Assets.xcassets */ = {isa = PBXFileReference; lastKnownFileType = folder.assetcatalog; path = Assets.xcassets; sourceTree = "<group>"; };
		521DCF54280EA80B0072A042 /* Base */ = {isa = PBXFileReference; lastKnownFileType = file.storyboard; name = Base; path = Base.lproj/LaunchScreen.storyboard; sourceTree = "<group>"; };
		521DCF56280EA80B0072A042 /* Info.plist */ = {isa = PBXFileReference; lastKnownFileType = text.plist.xml; path = Info.plist; sourceTree = "<group>"; };
		52596A962811867000FD9726 /* FormViewController.swift */ = {isa = PBXFileReference; lastKnownFileType = sourcecode.swift; path = FormViewController.swift; sourceTree = "<group>"; };
		6826E01B0C78A47171A1EA45 /* Pods-mapAssignment.release.xcconfig */ = {isa = PBXFileReference; includeInIndex = 1; lastKnownFileType = text.xcconfig; name = "Pods-mapAssignment.release.xcconfig"; path = "Target Support Files/Pods-mapAssignment/Pods-mapAssignment.release.xcconfig"; sourceTree = "<group>"; };
		780AFC818D07C14661E7FB53 /* Pods-mapAssignment.debug.xcconfig */ = {isa = PBXFileReference; includeInIndex = 1; lastKnownFileType = text.xcconfig; name = "Pods-mapAssignment.debug.xcconfig"; path = "Target Support Files/Pods-mapAssignment/Pods-mapAssignment.debug.xcconfig"; sourceTree = "<group>"; };
/* End PBXFileReference section */

/* Begin PBXFrameworksBuildPhase section */
		521DCF42280EA8080072A042 /* Frameworks */ = {
			isa = PBXFrameworksBuildPhase;
			buildActionMask = 2147483647;
			files = (
				70408EAA484C01F7351769FB /* Pods_mapAssignment.framework in Frameworks */,
			);
			runOnlyForDeploymentPostprocessing = 0;
		};
/* End PBXFrameworksBuildPhase section */

/* Begin PBXGroup section */
		223CAA477175CA1DBD428B35 /* Frameworks */ = {
			isa = PBXGroup;
			children = (
				4B0D5EF21DDB264E71EFEB84 /* Pods_mapAssignment.framework */,
			);
			name = Frameworks;
			sourceTree = "<group>";
		};
		521DCF3C280EA8070072A042 = {
			isa = PBXGroup;
			children = (
				521DCF47280EA8080072A042 /* mapAssignment */,
				521DCF46280EA8080072A042 /* Products */,
				EE751BE3A6C969876F664E1C /* Pods */,
				223CAA477175CA1DBD428B35 /* Frameworks */,
			);
			sourceTree = "<group>";
		};
		521DCF46280EA8080072A042 /* Products */ = {
			isa = PBXGroup;
			children = (
				521DCF45280EA8080072A042 /* mapAssignment.app */,
			);
			name = Products;
			sourceTree = "<group>";
		};
		521DCF47280EA8080072A042 /* mapAssignment */ = {
			isa = PBXGroup;
			children = (
				521DCF48280EA8080072A042 /* AppDelegate.swift */,
				521DCF4A280EA8080072A042 /* SceneDelegate.swift */,
				521DCF4C280EA8080072A042 /* ViewController.swift */,
				52596A962811867000FD9726 /* FormViewController.swift */,
				521DCF4E280EA8080072A042 /* Main.storyboard */,
				521DCF51280EA80B0072A042 /* Assets.xcassets */,
				521DCF53280EA80B0072A042 /* LaunchScreen.storyboard */,
				521DCF56280EA80B0072A042 /* Info.plist */,
			);
			path = mapAssignment;
			sourceTree = "<group>";
		};
		EE751BE3A6C969876F664E1C /* Pods */ = {
			isa = PBXGroup;
			children = (
				780AFC818D07C14661E7FB53 /* Pods-mapAssignment.debug.xcconfig */,
				6826E01B0C78A47171A1EA45 /* Pods-mapAssignment.release.xcconfig */,
			);
			path = Pods;
			sourceTree = "<group>";
		};
/* End PBXGroup section */

/* Begin PBXNativeTarget section */
		521DCF44280EA8080072A042 /* mapAssignment */ = {
			isa = PBXNativeTarget;
			buildConfigurationList = 521DCF59280EA80B0072A042 /* Build configuration list for PBXNativeTarget "mapAssignment" */;
			buildPhases = (
				0ABF91B9A39BECDC86D1A2C4 /* [CP] Check Pods Manifest.lock */,
				521DCF41280EA8080072A042 /* Sources */,
				521DCF42280EA8080072A042 /* Frameworks */,
				521DCF43280EA8080072A042 /* Resources */,
				23E5B7108DE1D4A3CF4BACFF /* [CP] Copy Pods Resources */,
				011943C660C4D17D2BD05EBD /* [CP] Embed Pods Frameworks */,
			);
			buildRules = (
			);
			dependencies = (
			);
			name = mapAssignment;
			productName = mapAssignment;
			productReference = 521DCF45280EA8080072A042 /* mapAssignment.app */;
			productType = "com.apple.product-type.application";
		};
/* End PBXNativeTarget section */

/* Begin PBXProject section */
		521DCF3D280EA8070072A042 /* Project object */ = {
			isa = PBXProject;
			attributes = {
				LastSwiftUpdateCheck = 1250;
				LastUpgradeCheck = 1250;
				TargetAttributes = {
					521DCF44280EA8080072A042 = {
						CreatedOnToolsVersion = 12.5.1;
					};
				};
			};
			buildConfigurationList = 521DCF40280EA8070072A042 /* Build configuration list for PBXProject "mapAssignment" */;
			compatibilityVersion = "Xcode 9.3";
			developmentRegion = en;
			hasScannedForEncodings = 0;
			knownRegions = (
				en,
				Base,
			);
			mainGroup = 521DCF3C280EA8070072A042;
			productRefGroup = 521DCF46280EA8080072A042 /* Products */;
			projectDirPath = "";
			projectRoot = "";
			targets = (
				521DCF44280EA8080072A042 /* mapAssignment */,
			);
		};
/* End PBXProject section */

/* Begin PBXResourcesBuildPhase section */
		521DCF43280EA8080072A042 /* Resources */ = {
			isa = PBXResourcesBuildPhase;
			buildActionMask = 2147483647;
			files = (
				521DCF55280EA80B0072A042 /* LaunchScreen.storyboard in Resources */,
				521DCF52280EA80B0072A042 /* Assets.xcassets in Resources */,
				521DCF50280EA8080072A042 /* Main.storyboard in Resources */,
			);
			runOnlyForDeploymentPostprocessing = 0;
		};
/* End PBXResourcesBuildPhase section */

/* Begin PBXShellScriptBuildPhase section */
		011943C660C4D17D2BD05EBD /* [CP] Embed Pods Frameworks */ = {
			isa = PBXShellScriptBuildPhase;
			buildActionMask = 2147483647;
			files = (
			);
			inputFileListPaths = (
				"${PODS_ROOT}/Target Support Files/Pods-mapAssignment/Pods-mapAssignment-frameworks-${CONFIGURATION}-input-files.xcfilelist",
			);
			name = "[CP] Embed Pods Frameworks";
			outputFileListPaths = (
				"${PODS_ROOT}/Target Support Files/Pods-mapAssignment/Pods-mapAssignment-frameworks-${CONFIGURATION}-output-files.xcfilelist",
			);
			runOnlyForDeploymentPostprocessing = 0;
			shellPath = /bin/sh;
			shellScript = "\"${PODS_ROOT}/Target Support Files/Pods-mapAssignment/Pods-mapAssignment-frameworks.sh\"\n";
			showEnvVarsInLog = 0;
		};
		0ABF91B9A39BECDC86D1A2C4 /* [CP] Check Pods Manifest.lock */ = {
			isa = PBXShellScriptBuildPhase;
			buildActionMask = 2147483647;
			files = (
			);
			inputFileListPaths = (
			);
			inputPaths = (
				"${PODS_PODFILE_DIR_PATH}/Podfile.lock",
				"${PODS_ROOT}/Manifest.lock",
			);
			name = "[CP] Check Pods Manifest.lock";
			outputFileListPaths = (
			);
			outputPaths = (
				"$(DERIVED_FILE_DIR)/Pods-mapAssignment-checkManifestLockResult.txt",
			);
			runOnlyForDeploymentPostprocessing = 0;
			shellPath = /bin/sh;
			shellScript = "diff \"${PODS_PODFILE_DIR_PATH}/Podfile.lock\" \"${PODS_ROOT}/Manifest.lock\" > /dev/null\nif [ $? != 0 ] ; then\n    # print error to STDERR\n    echo \"error: The sandbox is not in sync with the Podfile.lock. Run 'pod install' or update your CocoaPods installation.\" >&2\n    exit 1\nfi\n# This output is used by Xcode 'outputs' to avoid re-running this script phase.\necho \"SUCCESS\" > \"${SCRIPT_OUTPUT_FILE_0}\"\n";
			showEnvVarsInLog = 0;
		};
		23E5B7108DE1D4A3CF4BACFF /* [CP] Copy Pods Resources */ = {
			isa = PBXShellScriptBuildPhase;
			buildActionMask = 2147483647;
			files = (
			);
			inputFileListPaths = (
				"${PODS_ROOT}/Target Support Files/Pods-mapAssignment/Pods-mapAssignment-resources-${CONFIGURATION}-input-files.xcfilelist",
			);
			name = "[CP] Copy Pods Resources";
			outputFileListPaths = (
				"${PODS_ROOT}/Target Support Files/Pods-mapAssignment/Pods-mapAssignment-resources-${CONFIGURATION}-output-files.xcfilelist",
			);
			runOnlyForDeploymentPostprocessing = 0;
			shellPath = /bin/sh;
			shellScript = "\"${PODS_ROOT}/Target Support Files/Pods-mapAssignment/Pods-mapAssignment-resources.sh\"\n";
			showEnvVarsInLog = 0;
		};
/* End PBXShellScriptBuildPhase section */

/* Begin PBXSourcesBuildPhase section */
		521DCF41280EA8080072A042 /* Sources */ = {
			isa = PBXSourcesBuildPhase;
			buildActionMask = 2147483647;
			files = (
				521DCF4D280EA8080072A042 /* ViewController.swift in Sources */,
				521DCF49280EA8080072A042 /* AppDelegate.swift in Sources */,
				52596A972811867000FD9726 /* FormViewController.swift in Sources */,
				521DCF4B280EA8080072A042 /* SceneDelegate.swift in Sources */,
			);
			runOnlyForDeploymentPostprocessing = 0;
		};
/* End PBXSourcesBuildPhase section */

/* Begin PBXVariantGroup section */
		521DCF4E280EA8080072A042 /* Main.storyboard */ = {
			isa = PBXVariantGroup;
			children = (
				521DCF4F280EA8080072A042 /* Base */,
			);
			name = Main.storyboard;
			sourceTree = "<group>";
		};
		521DCF53280EA80B0072A042 /* LaunchScreen.storyboard */ = {
			isa = PBXVariantGroup;
			children = (
				521DCF54280EA80B0072A042 /* Base */,
			);
			name = LaunchScreen.storyboard;
			sourceTree = "<group>";
		};
/* End PBXVariantGroup section */

/* Begin XCBuildConfiguration section */
		521DCF57280EA80B0072A042 /* Debug */ = {
			isa = XCBuildConfiguration;
			buildSettings = {
				ALWAYS_SEARCH_USER_PATHS = NO;
				CLANG_ANALYZER_NONNULL = YES;
				CLANG_ANALYZER_NUMBER_OBJECT_CONVERSION = YES_AGGRESSIVE;
				CLANG_CXX_LANGUAGE_STANDARD = "gnu++14";
				CLANG_CXX_LIBRARY = "libc++";
				CLANG_ENABLE_MODULES = YES;
				CLANG_ENABLE_OBJC_ARC = YES;
				CLANG_ENABLE_OBJC_WEAK = YES;
				CLANG_WARN_BLOCK_CAPTURE_AUTORELEASING = YES;
				CLANG_WARN_BOOL_CONVERSION = YES;
				CLANG_WARN_COMMA = YES;
				CLANG_WARN_CONSTANT_CONVERSION = YES;
				CLANG_WARN_DEPRECATED_OBJC_IMPLEMENTATIONS = YES;
				CLANG_WARN_DIRECT_OBJC_ISA_USAGE = YES_ERROR;
				CLANG_WARN_DOCUMENTATION_COMMENTS = YES;
				CLANG_WARN_EMPTY_BODY = YES;
				CLANG_WARN_ENUM_CONVERSION = YES;
				CLANG_WARN_INFINITE_RECURSION = YES;
				CLANG_WARN_INT_CONVERSION = YES;
				CLANG_WARN_NON_LITERAL_NULL_CONVERSION = YES;
				CLANG_WARN_OBJC_IMPLICIT_RETAIN_SELF = YES;
				CLANG_WARN_OBJC_LITERAL_CONVERSION = YES;
				CLANG_WARN_OBJC_ROOT_CLASS = YES_ERROR;
				CLANG_WARN_QUOTED_INCLUDE_IN_FRAMEWORK_HEADER = YES;
				CLANG_WARN_RANGE_LOOP_ANALYSIS = YES;
				CLANG_WARN_STRICT_PROTOTYPES = YES;
				CLANG_WARN_SUSPICIOUS_MOVE = YES;
				CLANG_WARN_UNGUARDED_AVAILABILITY = YES_AGGRESSIVE;
				CLANG_WARN_UNREACHABLE_CODE = YES;
				CLANG_WARN__DUPLICATE_METHOD_MATCH = YES;
				COPY_PHASE_STRIP = NO;
				DEBUG_INFORMATION_FORMAT = dwarf;
				ENABLE_STRICT_OBJC_MSGSEND = YES;
				ENABLE_TESTABILITY = YES;
				GCC_C_LANGUAGE_STANDARD = gnu11;
				GCC_DYNAMIC_NO_PIC = NO;
				GCC_NO_COMMON_BLOCKS = YES;
				GCC_OPTIMIZATION_LEVEL = 0;
				GCC_PREPROCESSOR_DEFINITIONS = (
					"DEBUG=1",
					"$(inherited)",
				);
				GCC_WARN_64_TO_32_BIT_CONVERSION = YES;
				GCC_WARN_ABOUT_RETURN_TYPE = YES_ERROR;
				GCC_WARN_UNDECLARED_SELECTOR = YES;
				GCC_WARN_UNINITIALIZED_AUTOS = YES_AGGRESSIVE;
				GCC_WARN_UNUSED_FUNCTION = YES;
				GCC_WARN_UNUSED_VARIABLE = YES;
				IPHONEOS_DEPLOYMENT_TARGET = 14.5;
				MTL_ENABLE_DEBUG_INFO = INCLUDE_SOURCE;
				MTL_FAST_MATH = YES;
				ONLY_ACTIVE_ARCH = YES;
				SDKROOT = iphoneos;
				SWIFT_ACTIVE_COMPILATION_CONDITIONS = DEBUG;
				SWIFT_OPTIMIZATION_LEVEL = "-Onone";
			};
			name = Debug;
		};
		521DCF58280EA80B0072A042 /* Release */ = {
			isa = XCBuildConfiguration;
			buildSettings = {
				ALWAYS_SEARCH_USER_PATHS = NO;
				CLANG_ANALYZER_NONNULL = YES;
				CLANG_ANALYZER_NUMBER_OBJECT_CONVERSION = YES_AGGRESSIVE;
				CLANG_CXX_LANGUAGE_STANDARD = "gnu++14";
				CLANG_CXX_LIBRARY = "libc++";
				CLANG_ENABLE_MODULES = YES;
				CLANG_ENABLE_OBJC_ARC = YES;
				CLANG_ENABLE_OBJC_WEAK = YES;
				CLANG_WARN_BLOCK_CAPTURE_AUTORELEASING = YES;
				CLANG_WARN_BOOL_CONVERSION = YES;
				CLANG_WARN_COMMA = YES;
				CLANG_WARN_CONSTANT_CONVERSION = YES;
				CLANG_WARN_DEPRECATED_OBJC_IMPLEMENTATIONS = YES;
				CLANG_WARN_DIRECT_OBJC_ISA_USAGE = YES_ERROR;
				CLANG_WARN_DOCUMENTATION_COMMENTS = YES;
				CLANG_WARN_EMPTY_BODY = YES;
				CLANG_WARN_ENUM_CONVERSION = YES;
				CLANG_WARN_INFINITE_RECURSION = YES;
				CLANG_WARN_INT_CONVERSION = YES;
				CLANG_WARN_NON_LITERAL_NULL_CONVERSION = YES;
				CLANG_WARN_OBJC_IMPLICIT_RETAIN_SELF = YES;
				CLANG_WARN_OBJC_LITERAL_CONVERSION = YES;
				CLANG_WARN_OBJC_ROOT_CLASS = YES_ERROR;
				CLANG_WARN_QUOTED_INCLUDE_IN_FRAMEWORK_HEADER = YES;
				CLANG_WARN_RANGE_LOOP_ANALYSIS = YES;
				CLANG_WARN_STRICT_PROTOTYPES = YES;
				CLANG_WARN_SUSPICIOUS_MOVE = YES;
				CLANG_WARN_UNGUARDED_AVAILABILITY = YES_AGGRESSIVE;
				CLANG_WARN_UNREACHABLE_CODE = YES;
				CLANG_WARN__DUPLICATE_METHOD_MATCH = YES;
				COPY_PHASE_STRIP = NO;
				DEBUG_INFORMATION_FORMAT = "dwarf-with-dsym";
				ENABLE_NS_ASSERTIONS = NO;
				ENABLE_STRICT_OBJC_MSGSEND = YES;
				GCC_C_LANGUAGE_STANDARD = gnu11;
				GCC_NO_COMMON_BLOCKS = YES;
				GCC_WARN_64_TO_32_BIT_CONVERSION = YES;
				GCC_WARN_ABOUT_RETURN_TYPE = YES_ERROR;
				GCC_WARN_UNDECLARED_SELECTOR = YES;
				GCC_WARN_UNINITIALIZED_AUTOS = YES_AGGRESSIVE;
				GCC_WARN_UNUSED_FUNCTION = YES;
				GCC_WARN_UNUSED_VARIABLE = YES;
				IPHONEOS_DEPLOYMENT_TARGET = 14.5;
				MTL_ENABLE_DEBUG_INFO = NO;
				MTL_FAST_MATH = YES;
				SDKROOT = iphoneos;
				SWIFT_COMPILATION_MODE = wholemodule;
				SWIFT_OPTIMIZATION_LEVEL = "-O";
				VALIDATE_PRODUCT = YES;
			};
			name = Release;
		};
		521DCF5A280EA80B0072A042 /* Debug */ = {
			isa = XCBuildConfiguration;
			baseConfigurationReference = 780AFC818D07C14661E7FB53 /* Pods-mapAssignment.debug.xcconfig */;
			buildSettings = {
				ASSETCATALOG_COMPILER_APPICON_NAME = AppIcon;
				ASSETCATALOG_COMPILER_GLOBAL_ACCENT_COLOR_NAME = AccentColor;
				CODE_SIGN_STYLE = Automatic;
				INFOPLIST_FILE = mapAssignment/Info.plist;
				LD_RUNPATH_SEARCH_PATHS = (
					"$(inherited)",
					"@executable_path/Frameworks",
				);
				PRODUCT_BUNDLE_IDENTIFIER = kashifjanjua.com.mapAssignment;
				PRODUCT_NAME = "$(TARGET_NAME)";
				SWIFT_VERSION = 5.0;
				TARGETED_DEVICE_FAMILY = "1,2";
			};
			name = Debug;
		};
		521DCF5B280EA80B0072A042 /* Release */ = {
			isa = XCBuildConfiguration;
			baseConfigurationReference = 6826E01B0C78A47171A1EA45 /* Pods-mapAssignment.release.xcconfig */;
			buildSettings = {
				ASSETCATALOG_COMPILER_APPICON_NAME = AppIcon;
				ASSETCATALOG_COMPILER_GLOBAL_ACCENT_COLOR_NAME = AccentColor;
				CODE_SIGN_STYLE = Automatic;
				INFOPLIST_FILE = mapAssignment/Info.plist;
				LD_RUNPATH_SEARCH_PATHS = (
					"$(inherited)",
					"@executable_path/Frameworks",
				);
				PRODUCT_BUNDLE_IDENTIFIER = kashifjanjua.com.mapAssignment;
				PRODUCT_NAME = "$(TARGET_NAME)";
				SWIFT_VERSION = 5.0;
				TARGETED_DEVICE_FAMILY = "1,2";
			};
			name = Release;
		};
/* End XCBuildConfiguration section */

/* Begin XCConfigurationList section */
		521DCF40280EA8070072A042 /* Build configuration list for PBXProject "mapAssignment" */ = {
			isa = XCConfigurationList;
			buildConfigurations = (
				521DCF57280EA80B0072A042 /* Debug */,
				521DCF58280EA80B0072A042 /* Release */,
			);
			defaultConfigurationIsVisible = 0;
			defaultConfigurationName = Release;
		};
		521DCF59280EA80B0072A042 /* Build configuration list for PBXNativeTarget "mapAssignment" */ = {
			isa = XCConfigurationList;
			buildConfigurations = (
				521DCF5A280EA80B0072A042 /* Debug */,
				521DCF5B280EA80B0072A042 /* Release */,
			);
			defaultConfigurationIsVisible = 0;
			defaultConfigurationName = Release;
		};
/* End XCConfigurationList section */
	};
	rootObject = 521DCF3D280EA8070072A042 /* Project object */;
}
